{
  "version": 4,
  "terraform_version": "1.0.11",
  "serial": 64,
  "lineage": "ee568538-6e7e-eef2-1033-cbca195aaf01",
  "outputs": {},
  "resources": [
    {
      "mode": "data",
      "type": "azurerm_client_config",
      "name": "current",
      "provider": "provider[\"registry.terraform.io/hashicorp/azurerm\"]",
      "instances": [
        {
          "schema_version": 0,
          "attributes": {
            "client_id": "04b07795-8ddb-461a-bbee-02f9e1bf7b46",
            "id": "2021-12-12 21:38:50.188168 +0000 UTC",
            "object_id": "28b1bcc4-5478-430d-b253-695ac5f81679",
            "subscription_id": "7db81549-e1e7-467b-9c24-04b81630eeaa",
            "tenant_id": "7a72e127-4c27-4128-88a2-f854ee260ef7",
            "timeouts": null
          },
          "sensitive_attributes": []
        }
      ]
    },
    {
      "mode": "managed",
      "type": "azurerm_key_vault",
      "name": "keyvault-browser-dev",
      "provider": "provider[\"registry.terraform.io/hashicorp/azurerm\"]",
      "instances": [
        {
          "schema_version": 2,
          "attributes": {
            "access_policy": [
              {
                "application_id": "",
                "certificate_permissions": null,
                "key_permissions": [
                  "get"
                ],
                "object_id": "28b1bcc4-5478-430d-b253-695ac5f81679",
                "secret_permissions": [
                  "get",
                  "backup",
                  "delete",
                  "list",
                  "purge",
                  "recover",
                  "restore",
                  "set"
                ],
                "storage_permissions": null,
                "tenant_id": "7a72e127-4c27-4128-88a2-f854ee260ef7"
              }
            ],
            "contact": [],
            "enable_rbac_authorization": false,
            "enabled_for_deployment": false,
            "enabled_for_disk_encryption": true,
            "enabled_for_template_deployment": false,
            "id": "/subscriptions/7db81549-e1e7-467b-9c24-04b81630eeaa/resourceGroups/keyvault-browser-dev-rg/providers/Microsoft.KeyVault/vaults/keyvault-browser-dev",
            "location": "uksouth",
            "name": "keyvault-browser-dev",
            "network_acls": [
              {
                "bypass": "AzureServices",
                "default_action": "Allow",
                "ip_rules": [],
                "virtual_network_subnet_ids": []
              }
            ],
            "purge_protection_enabled": false,
            "resource_group_name": "keyvault-browser-dev-rg",
            "sku_name": "standard",
            "soft_delete_enabled": true,
            "soft_delete_retention_days": 7,
            "tags": null,
            "tenant_id": "7a72e127-4c27-4128-88a2-f854ee260ef7",
            "timeouts": null,
            "vault_uri": "https://keyvault-browser-dev.vault.azure.net/"
          },
          "sensitive_attributes": [],
          "private": "eyJlMmJmYjczMC1lY2FhLTExZTYtOGY4OC0zNDM2M2JjN2M0YzAiOnsiY3JlYXRlIjoxODAwMDAwMDAwMDAwLCJkZWxldGUiOjE4MDAwMDAwMDAwMDAsInJlYWQiOjMwMDAwMDAwMDAwMCwidXBkYXRlIjoxODAwMDAwMDAwMDAwfSwic2NoZW1hX3ZlcnNpb24iOiIyIn0=",
          "dependencies": [
            "azurerm_resource_group.resource-group",
            "data.azurerm_client_config.current"
          ]
        }
      ]
    },
    {
      "mode": "managed",
      "type": "azurerm_key_vault_secret",
      "name": "secret1",
      "provider": "provider[\"registry.terraform.io/hashicorp/azurerm\"]",
      "instances": [
        {
          "index_key": 0,
          "schema_version": 0,
          "attributes": {
            "content_type": "",
            "expiration_date": null,
            "id": "https://keyvault-browser-dev.vault.azure.net/secrets/TEST-PASSWORD-0/a151dce13123408fbae38fc7885ce739",
            "key_vault_id": "/subscriptions/7db81549-e1e7-467b-9c24-04b81630eeaa/resourceGroups/keyvault-browser-dev-rg/providers/Microsoft.KeyVault/vaults/keyvault-browser-dev",
            "name": "TEST-PASSWORD-0",
            "not_before_date": null,
            "tags": null,
            "timeouts": null,
            "value": "\u0026y8:8jN#0E{\u0026iTWaV2QC",
            "version": "a151dce13123408fbae38fc7885ce739"
          },
          "sensitive_attributes": [
            [
              {
                "type": "get_attr",
                "value": "value"
              }
            ]
          ],
          "private": "eyJlMmJmYjczMC1lY2FhLTExZTYtOGY4OC0zNDM2M2JjN2M0YzAiOnsiY3JlYXRlIjoxODAwMDAwMDAwMDAwLCJkZWxldGUiOjE4MDAwMDAwMDAwMDAsInJlYWQiOjMwMDAwMDAwMDAwMCwidXBkYXRlIjoxODAwMDAwMDAwMDAwfX0=",
          "dependencies": [
            "azurerm_key_vault.keyvault-browser-dev",
            "azurerm_resource_group.resource-group",
            "data.azurerm_client_config.current",
            "random_password.random"
          ]
        },
        {
          "index_key": 1,
          "schema_version": 0,
          "attributes": {
            "content_type": "",
            "expiration_date": null,
            "id": "https://keyvault-browser-dev.vault.azure.net/secrets/TEST-PASSWORD-1/25276b40f8904c49a1bf6ee862b0f2fd",
            "key_vault_id": "/subscriptions/7db81549-e1e7-467b-9c24-04b81630eeaa/resourceGroups/keyvault-browser-dev-rg/providers/Microsoft.KeyVault/vaults/keyvault-browser-dev",
            "name": "TEST-PASSWORD-1",
            "not_before_date": null,
            "tags": null,
            "timeouts": null,
            "value": "\u0026y8:8jN#0E{\u0026iTWaV2QC",
            "version": "25276b40f8904c49a1bf6ee862b0f2fd"
          },
          "sensitive_attributes": [
            [
              {
                "type": "get_attr",
                "value": "value"
              }
            ]
          ],
          "private": "eyJlMmJmYjczMC1lY2FhLTExZTYtOGY4OC0zNDM2M2JjN2M0YzAiOnsiY3JlYXRlIjoxODAwMDAwMDAwMDAwLCJkZWxldGUiOjE4MDAwMDAwMDAwMDAsInJlYWQiOjMwMDAwMDAwMDAwMCwidXBkYXRlIjoxODAwMDAwMDAwMDAwfX0=",
          "dependencies": [
            "azurerm_key_vault.keyvault-browser-dev",
            "azurerm_resource_group.resource-group",
            "data.azurerm_client_config.current",
            "random_password.random"
          ]
        },
        {
          "index_key": 2,
          "schema_version": 0,
          "attributes": {
            "content_type": "",
            "expiration_date": null,
            "id": "https://keyvault-browser-dev.vault.azure.net/secrets/TEST-PASSWORD-2/18080338f95647efbf7e107f42765e86",
            "key_vault_id": "/subscriptions/7db81549-e1e7-467b-9c24-04b81630eeaa/resourceGroups/keyvault-browser-dev-rg/providers/Microsoft.KeyVault/vaults/keyvault-browser-dev",
            "name": "TEST-PASSWORD-2",
            "not_before_date": null,
            "tags": null,
            "timeouts": null,
            "value": "\u0026y8:8jN#0E{\u0026iTWaV2QC",
            "version": "18080338f95647efbf7e107f42765e86"
          },
          "sensitive_attributes": [
            [
              {
                "type": "get_attr",
                "value": "value"
              }
            ]
          ],
          "private": "eyJlMmJmYjczMC1lY2FhLTExZTYtOGY4OC0zNDM2M2JjN2M0YzAiOnsiY3JlYXRlIjoxODAwMDAwMDAwMDAwLCJkZWxldGUiOjE4MDAwMDAwMDAwMDAsInJlYWQiOjMwMDAwMDAwMDAwMCwidXBkYXRlIjoxODAwMDAwMDAwMDAwfX0=",
          "dependencies": [
            "azurerm_key_vault.keyvault-browser-dev",
            "azurerm_resource_group.resource-group",
            "data.azurerm_client_config.current",
            "random_password.random"
          ]
        },
        {
          "index_key": 3,
          "schema_version": 0,
          "attributes": {
            "content_type": "",
            "expiration_date": null,
            "id": "https://keyvault-browser-dev.vault.azure.net/secrets/TEST-PASSWORD-3/d0ca1638636e48c39183d22176bf368d",
            "key_vault_id": "/subscriptions/7db81549-e1e7-467b-9c24-04b81630eeaa/resourceGroups/keyvault-browser-dev-rg/providers/Microsoft.KeyVault/vaults/keyvault-browser-dev",
            "name": "TEST-PASSWORD-3",
            "not_before_date": null,
            "tags": null,
            "timeouts": null,
            "value": "\u0026y8:8jN#0E{\u0026iTWaV2QC",
            "version": "d0ca1638636e48c39183d22176bf368d"
          },
          "sensitive_attributes": [
            [
              {
                "type": "get_attr",
                "value": "value"
              }
            ]
          ],
          "private": "eyJlMmJmYjczMC1lY2FhLTExZTYtOGY4OC0zNDM2M2JjN2M0YzAiOnsiY3JlYXRlIjoxODAwMDAwMDAwMDAwLCJkZWxldGUiOjE4MDAwMDAwMDAwMDAsInJlYWQiOjMwMDAwMDAwMDAwMCwidXBkYXRlIjoxODAwMDAwMDAwMDAwfX0=",
          "dependencies": [
            "azurerm_key_vault.keyvault-browser-dev",
            "azurerm_resource_group.resource-group",
            "data.azurerm_client_config.current",
            "random_password.random"
          ]
        },
        {
          "index_key": 4,
          "schema_version": 0,
          "attributes": {
            "content_type": "",
            "expiration_date": null,
            "id": "https://keyvault-browser-dev.vault.azure.net/secrets/TEST-PASSWORD-4/e09f8e9cbf784ddcaec94dacb9b29586",
            "key_vault_id": "/subscriptions/7db81549-e1e7-467b-9c24-04b81630eeaa/resourceGroups/keyvault-browser-dev-rg/providers/Microsoft.KeyVault/vaults/keyvault-browser-dev",
            "name": "TEST-PASSWORD-4",
            "not_before_date": null,
            "tags": null,
            "timeouts": null,
            "value": "\u0026y8:8jN#0E{\u0026iTWaV2QC",
            "version": "e09f8e9cbf784ddcaec94dacb9b29586"
          },
          "sensitive_attributes": [
            [
              {
                "type": "get_attr",
                "value": "value"
              }
            ]
          ],
          "private": "eyJlMmJmYjczMC1lY2FhLTExZTYtOGY4OC0zNDM2M2JjN2M0YzAiOnsiY3JlYXRlIjoxODAwMDAwMDAwMDAwLCJkZWxldGUiOjE4MDAwMDAwMDAwMDAsInJlYWQiOjMwMDAwMDAwMDAwMCwidXBkYXRlIjoxODAwMDAwMDAwMDAwfX0=",
          "dependencies": [
            "azurerm_key_vault.keyvault-browser-dev",
            "azurerm_resource_group.resource-group",
            "data.azurerm_client_config.current",
            "random_password.random"
          ]
        },
        {
          "index_key": 5,
          "schema_version": 0,
          "attributes": {
            "content_type": "",
            "expiration_date": null,
            "id": "https://keyvault-browser-dev.vault.azure.net/secrets/TEST-PASSWORD-5/5f0a849ec62e4331aefb9fd2590c2f94",
            "key_vault_id": "/subscriptions/7db81549-e1e7-467b-9c24-04b81630eeaa/resourceGroups/keyvault-browser-dev-rg/providers/Microsoft.KeyVault/vaults/keyvault-browser-dev",
            "name": "TEST-PASSWORD-5",
            "not_before_date": null,
            "tags": null,
            "timeouts": null,
            "value": "\u0026y8:8jN#0E{\u0026iTWaV2QC",
            "version": "5f0a849ec62e4331aefb9fd2590c2f94"
          },
          "sensitive_attributes": [
            [
              {
                "type": "get_attr",
                "value": "value"
              }
            ]
          ],
          "private": "eyJlMmJmYjczMC1lY2FhLTExZTYtOGY4OC0zNDM2M2JjN2M0YzAiOnsiY3JlYXRlIjoxODAwMDAwMDAwMDAwLCJkZWxldGUiOjE4MDAwMDAwMDAwMDAsInJlYWQiOjMwMDAwMDAwMDAwMCwidXBkYXRlIjoxODAwMDAwMDAwMDAwfX0=",
          "dependencies": [
            "azurerm_key_vault.keyvault-browser-dev",
            "azurerm_resource_group.resource-group",
            "data.azurerm_client_config.current",
            "random_password.random"
          ]
        },
        {
          "index_key": 6,
          "schema_version": 0,
          "attributes": {
            "content_type": "",
            "expiration_date": null,
            "id": "https://keyvault-browser-dev.vault.azure.net/secrets/TEST-PASSWORD-6/ec151406f6b24ac1973a907b5d49a6d0",
            "key_vault_id": "/subscriptions/7db81549-e1e7-467b-9c24-04b81630eeaa/resourceGroups/keyvault-browser-dev-rg/providers/Microsoft.KeyVault/vaults/keyvault-browser-dev",
            "name": "TEST-PASSWORD-6",
            "not_before_date": null,
            "tags": null,
            "timeouts": null,
            "value": "\u0026y8:8jN#0E{\u0026iTWaV2QC",
            "version": "ec151406f6b24ac1973a907b5d49a6d0"
          },
          "sensitive_attributes": [
            [
              {
                "type": "get_attr",
                "value": "value"
              }
            ]
          ],
          "private": "eyJlMmJmYjczMC1lY2FhLTExZTYtOGY4OC0zNDM2M2JjN2M0YzAiOnsiY3JlYXRlIjoxODAwMDAwMDAwMDAwLCJkZWxldGUiOjE4MDAwMDAwMDAwMDAsInJlYWQiOjMwMDAwMDAwMDAwMCwidXBkYXRlIjoxODAwMDAwMDAwMDAwfX0=",
          "dependencies": [
            "azurerm_key_vault.keyvault-browser-dev",
            "azurerm_resource_group.resource-group",
            "data.azurerm_client_config.current",
            "random_password.random"
          ]
        },
        {
          "index_key": 7,
          "schema_version": 0,
          "attributes": {
            "content_type": "",
            "expiration_date": null,
            "id": "https://keyvault-browser-dev.vault.azure.net/secrets/TEST-PASSWORD-7/e24ea0925b9449dc9d11cd0f96200728",
            "key_vault_id": "/subscriptions/7db81549-e1e7-467b-9c24-04b81630eeaa/resourceGroups/keyvault-browser-dev-rg/providers/Microsoft.KeyVault/vaults/keyvault-browser-dev",
            "name": "TEST-PASSWORD-7",
            "not_before_date": null,
            "tags": null,
            "timeouts": null,
            "value": "\u0026y8:8jN#0E{\u0026iTWaV2QC",
            "version": "e24ea0925b9449dc9d11cd0f96200728"
          },
          "sensitive_attributes": [
            [
              {
                "type": "get_attr",
                "value": "value"
              }
            ]
          ],
          "private": "eyJlMmJmYjczMC1lY2FhLTExZTYtOGY4OC0zNDM2M2JjN2M0YzAiOnsiY3JlYXRlIjoxODAwMDAwMDAwMDAwLCJkZWxldGUiOjE4MDAwMDAwMDAwMDAsInJlYWQiOjMwMDAwMDAwMDAwMCwidXBkYXRlIjoxODAwMDAwMDAwMDAwfX0=",
          "dependencies": [
            "azurerm_key_vault.keyvault-browser-dev",
            "azurerm_resource_group.resource-group",
            "data.azurerm_client_config.current",
            "random_password.random"
          ]
        },
        {
          "index_key": 8,
          "schema_version": 0,
          "attributes": {
            "content_type": "",
            "expiration_date": null,
            "id": "https://keyvault-browser-dev.vault.azure.net/secrets/TEST-PASSWORD-8/3de51f40a258421498fa8d6ca86bbea4",
            "key_vault_id": "/subscriptions/7db81549-e1e7-467b-9c24-04b81630eeaa/resourceGroups/keyvault-browser-dev-rg/providers/Microsoft.KeyVault/vaults/keyvault-browser-dev",
            "name": "TEST-PASSWORD-8",
            "not_before_date": null,
            "tags": null,
            "timeouts": null,
            "value": "\u0026y8:8jN#0E{\u0026iTWaV2QC",
            "version": "3de51f40a258421498fa8d6ca86bbea4"
          },
          "sensitive_attributes": [
            [
              {
                "type": "get_attr",
                "value": "value"
              }
            ]
          ],
          "private": "eyJlMmJmYjczMC1lY2FhLTExZTYtOGY4OC0zNDM2M2JjN2M0YzAiOnsiY3JlYXRlIjoxODAwMDAwMDAwMDAwLCJkZWxldGUiOjE4MDAwMDAwMDAwMDAsInJlYWQiOjMwMDAwMDAwMDAwMCwidXBkYXRlIjoxODAwMDAwMDAwMDAwfX0=",
          "dependencies": [
            "azurerm_key_vault.keyvault-browser-dev",
            "azurerm_resource_group.resource-group",
            "data.azurerm_client_config.current",
            "random_password.random"
          ]
        },
        {
          "index_key": 9,
          "schema_version": 0,
          "attributes": {
            "content_type": "",
            "expiration_date": null,
            "id": "https://keyvault-browser-dev.vault.azure.net/secrets/TEST-PASSWORD-9/a65591d07b944d189e983673883ee691",
            "key_vault_id": "/subscriptions/7db81549-e1e7-467b-9c24-04b81630eeaa/resourceGroups/keyvault-browser-dev-rg/providers/Microsoft.KeyVault/vaults/keyvault-browser-dev",
            "name": "TEST-PASSWORD-9",
            "not_before_date": null,
            "tags": null,
            "timeouts": null,
            "value": "\u0026y8:8jN#0E{\u0026iTWaV2QC",
            "version": "a65591d07b944d189e983673883ee691"
          },
          "sensitive_attributes": [
            [
              {
                "type": "get_attr",
                "value": "value"
              }
            ]
          ],
          "private": "eyJlMmJmYjczMC1lY2FhLTExZTYtOGY4OC0zNDM2M2JjN2M0YzAiOnsiY3JlYXRlIjoxODAwMDAwMDAwMDAwLCJkZWxldGUiOjE4MDAwMDAwMDAwMDAsInJlYWQiOjMwMDAwMDAwMDAwMCwidXBkYXRlIjoxODAwMDAwMDAwMDAwfX0=",
          "dependencies": [
            "azurerm_key_vault.keyvault-browser-dev",
            "azurerm_resource_group.resource-group",
            "data.azurerm_client_config.current",
            "random_password.random"
          ]
        },
        {
          "index_key": 10,
          "schema_version": 0,
          "attributes": {
            "content_type": "",
            "expiration_date": null,
            "id": "https://keyvault-browser-dev.vault.azure.net/secrets/TEST-PASSWORD-10/67a04b15106349fcb607d57edeb2e543",
            "key_vault_id": "/subscriptions/7db81549-e1e7-467b-9c24-04b81630eeaa/resourceGroups/keyvault-browser-dev-rg/providers/Microsoft.KeyVault/vaults/keyvault-browser-dev",
            "name": "TEST-PASSWORD-10",
            "not_before_date": null,
            "tags": null,
            "timeouts": null,
            "value": "\u0026y8:8jN#0E{\u0026iTWaV2QC",
            "version": "67a04b15106349fcb607d57edeb2e543"
          },
          "sensitive_attributes": [
            [
              {
                "type": "get_attr",
                "value": "value"
              }
            ]
          ],
          "private": "eyJlMmJmYjczMC1lY2FhLTExZTYtOGY4OC0zNDM2M2JjN2M0YzAiOnsiY3JlYXRlIjoxODAwMDAwMDAwMDAwLCJkZWxldGUiOjE4MDAwMDAwMDAwMDAsInJlYWQiOjMwMDAwMDAwMDAwMCwidXBkYXRlIjoxODAwMDAwMDAwMDAwfX0=",
          "dependencies": [
            "azurerm_key_vault.keyvault-browser-dev",
            "azurerm_resource_group.resource-group",
            "data.azurerm_client_config.current",
            "random_password.random"
          ]
        },
        {
          "index_key": 11,
          "schema_version": 0,
          "attributes": {
            "content_type": "",
            "expiration_date": null,
            "id": "https://keyvault-browser-dev.vault.azure.net/secrets/TEST-PASSWORD-11/c20a0c05ede64fe09ea49015f39b3837",
            "key_vault_id": "/subscriptions/7db81549-e1e7-467b-9c24-04b81630eeaa/resourceGroups/keyvault-browser-dev-rg/providers/Microsoft.KeyVault/vaults/keyvault-browser-dev",
            "name": "TEST-PASSWORD-11",
            "not_before_date": null,
            "tags": null,
            "timeouts": null,
            "value": "\u0026y8:8jN#0E{\u0026iTWaV2QC",
            "version": "c20a0c05ede64fe09ea49015f39b3837"
          },
          "sensitive_attributes": [
            [
              {
                "type": "get_attr",
                "value": "value"
              }
            ]
          ],
          "private": "eyJlMmJmYjczMC1lY2FhLTExZTYtOGY4OC0zNDM2M2JjN2M0YzAiOnsiY3JlYXRlIjoxODAwMDAwMDAwMDAwLCJkZWxldGUiOjE4MDAwMDAwMDAwMDAsInJlYWQiOjMwMDAwMDAwMDAwMCwidXBkYXRlIjoxODAwMDAwMDAwMDAwfX0=",
          "dependencies": [
            "azurerm_key_vault.keyvault-browser-dev",
            "azurerm_resource_group.resource-group",
            "data.azurerm_client_config.current",
            "random_password.random"
          ]
        },
        {
          "index_key": 12,
          "schema_version": 0,
          "attributes": {
            "content_type": "",
            "expiration_date": null,
            "id": "https://keyvault-browser-dev.vault.azure.net/secrets/TEST-PASSWORD-12/0990e95f89d74b679d8e564d639a9aef",
            "key_vault_id": "/subscriptions/7db81549-e1e7-467b-9c24-04b81630eeaa/resourceGroups/keyvault-browser-dev-rg/providers/Microsoft.KeyVault/vaults/keyvault-browser-dev",
            "name": "TEST-PASSWORD-12",
            "not_before_date": null,
            "tags": null,
            "timeouts": null,
            "value": "\u0026y8:8jN#0E{\u0026iTWaV2QC",
            "version": "0990e95f89d74b679d8e564d639a9aef"
          },
          "sensitive_attributes": [
            [
              {
                "type": "get_attr",
                "value": "value"
              }
            ]
          ],
          "private": "eyJlMmJmYjczMC1lY2FhLTExZTYtOGY4OC0zNDM2M2JjN2M0YzAiOnsiY3JlYXRlIjoxODAwMDAwMDAwMDAwLCJkZWxldGUiOjE4MDAwMDAwMDAwMDAsInJlYWQiOjMwMDAwMDAwMDAwMCwidXBkYXRlIjoxODAwMDAwMDAwMDAwfX0=",
          "dependencies": [
            "azurerm_key_vault.keyvault-browser-dev",
            "azurerm_resource_group.resource-group",
            "data.azurerm_client_config.current",
            "random_password.random"
          ]
        },
        {
          "index_key": 13,
          "schema_version": 0,
          "attributes": {
            "content_type": "",
            "expiration_date": null,
            "id": "https://keyvault-browser-dev.vault.azure.net/secrets/TEST-PASSWORD-13/f0b0143e0b1245e7983e6972d4a6d4c5",
            "key_vault_id": "/subscriptions/7db81549-e1e7-467b-9c24-04b81630eeaa/resourceGroups/keyvault-browser-dev-rg/providers/Microsoft.KeyVault/vaults/keyvault-browser-dev",
            "name": "TEST-PASSWORD-13",
            "not_before_date": null,
            "tags": null,
            "timeouts": null,
            "value": "\u0026y8:8jN#0E{\u0026iTWaV2QC",
            "version": "f0b0143e0b1245e7983e6972d4a6d4c5"
          },
          "sensitive_attributes": [
            [
              {
                "type": "get_attr",
                "value": "value"
              }
            ]
          ],
          "private": "eyJlMmJmYjczMC1lY2FhLTExZTYtOGY4OC0zNDM2M2JjN2M0YzAiOnsiY3JlYXRlIjoxODAwMDAwMDAwMDAwLCJkZWxldGUiOjE4MDAwMDAwMDAwMDAsInJlYWQiOjMwMDAwMDAwMDAwMCwidXBkYXRlIjoxODAwMDAwMDAwMDAwfX0=",
          "dependencies": [
            "azurerm_key_vault.keyvault-browser-dev",
            "azurerm_resource_group.resource-group",
            "data.azurerm_client_config.current",
            "random_password.random"
          ]
        },
        {
          "index_key": 14,
          "schema_version": 0,
          "attributes": {
            "content_type": "",
            "expiration_date": null,
            "id": "https://keyvault-browser-dev.vault.azure.net/secrets/TEST-PASSWORD-14/0eca2fb93e0b4fe4a645d306711a989a",
            "key_vault_id": "/subscriptions/7db81549-e1e7-467b-9c24-04b81630eeaa/resourceGroups/keyvault-browser-dev-rg/providers/Microsoft.KeyVault/vaults/keyvault-browser-dev",
            "name": "TEST-PASSWORD-14",
            "not_before_date": null,
            "tags": null,
            "timeouts": null,
            "value": "\u0026y8:8jN#0E{\u0026iTWaV2QC",
            "version": "0eca2fb93e0b4fe4a645d306711a989a"
          },
          "sensitive_attributes": [
            [
              {
                "type": "get_attr",
                "value": "value"
              }
            ]
          ],
          "private": "eyJlMmJmYjczMC1lY2FhLTExZTYtOGY4OC0zNDM2M2JjN2M0YzAiOnsiY3JlYXRlIjoxODAwMDAwMDAwMDAwLCJkZWxldGUiOjE4MDAwMDAwMDAwMDAsInJlYWQiOjMwMDAwMDAwMDAwMCwidXBkYXRlIjoxODAwMDAwMDAwMDAwfX0=",
          "dependencies": [
            "azurerm_key_vault.keyvault-browser-dev",
            "azurerm_resource_group.resource-group",
            "data.azurerm_client_config.current",
            "random_password.random"
          ]
        },
        {
          "index_key": 15,
          "schema_version": 0,
          "attributes": {
            "content_type": "",
            "expiration_date": null,
            "id": "https://keyvault-browser-dev.vault.azure.net/secrets/TEST-PASSWORD-15/1b5861ddb2ad48279a130de3db4bb85a",
            "key_vault_id": "/subscriptions/7db81549-e1e7-467b-9c24-04b81630eeaa/resourceGroups/keyvault-browser-dev-rg/providers/Microsoft.KeyVault/vaults/keyvault-browser-dev",
            "name": "TEST-PASSWORD-15",
            "not_before_date": null,
            "tags": null,
            "timeouts": null,
            "value": "\u0026y8:8jN#0E{\u0026iTWaV2QC",
            "version": "1b5861ddb2ad48279a130de3db4bb85a"
          },
          "sensitive_attributes": [
            [
              {
                "type": "get_attr",
                "value": "value"
              }
            ]
          ],
          "private": "eyJlMmJmYjczMC1lY2FhLTExZTYtOGY4OC0zNDM2M2JjN2M0YzAiOnsiY3JlYXRlIjoxODAwMDAwMDAwMDAwLCJkZWxldGUiOjE4MDAwMDAwMDAwMDAsInJlYWQiOjMwMDAwMDAwMDAwMCwidXBkYXRlIjoxODAwMDAwMDAwMDAwfX0=",
          "dependencies": [
            "azurerm_key_vault.keyvault-browser-dev",
            "azurerm_resource_group.resource-group",
            "data.azurerm_client_config.current",
            "random_password.random"
          ]
        },
        {
          "index_key": 16,
          "schema_version": 0,
          "attributes": {
            "content_type": "",
            "expiration_date": null,
            "id": "https://keyvault-browser-dev.vault.azure.net/secrets/TEST-PASSWORD-16/dad498d335fc42f18188dab3c4c2de62",
            "key_vault_id": "/subscriptions/7db81549-e1e7-467b-9c24-04b81630eeaa/resourceGroups/keyvault-browser-dev-rg/providers/Microsoft.KeyVault/vaults/keyvault-browser-dev",
            "name": "TEST-PASSWORD-16",
            "not_before_date": null,
            "tags": null,
            "timeouts": null,
            "value": "\u0026y8:8jN#0E{\u0026iTWaV2QC",
            "version": "dad498d335fc42f18188dab3c4c2de62"
          },
          "sensitive_attributes": [
            [
              {
                "type": "get_attr",
                "value": "value"
              }
            ]
          ],
          "private": "eyJlMmJmYjczMC1lY2FhLTExZTYtOGY4OC0zNDM2M2JjN2M0YzAiOnsiY3JlYXRlIjoxODAwMDAwMDAwMDAwLCJkZWxldGUiOjE4MDAwMDAwMDAwMDAsInJlYWQiOjMwMDAwMDAwMDAwMCwidXBkYXRlIjoxODAwMDAwMDAwMDAwfX0=",
          "dependencies": [
            "azurerm_key_vault.keyvault-browser-dev",
            "azurerm_resource_group.resource-group",
            "data.azurerm_client_config.current",
            "random_password.random"
          ]
        },
        {
          "index_key": 17,
          "schema_version": 0,
          "attributes": {
            "content_type": "",
            "expiration_date": null,
            "id": "https://keyvault-browser-dev.vault.azure.net/secrets/TEST-PASSWORD-17/5979fedf6a04464c9a5528aae11c41bd",
            "key_vault_id": "/subscriptions/7db81549-e1e7-467b-9c24-04b81630eeaa/resourceGroups/keyvault-browser-dev-rg/providers/Microsoft.KeyVault/vaults/keyvault-browser-dev",
            "name": "TEST-PASSWORD-17",
            "not_before_date": null,
            "tags": null,
            "timeouts": null,
            "value": "\u0026y8:8jN#0E{\u0026iTWaV2QC",
            "version": "5979fedf6a04464c9a5528aae11c41bd"
          },
          "sensitive_attributes": [
            [
              {
                "type": "get_attr",
                "value": "value"
              }
            ]
          ],
          "private": "eyJlMmJmYjczMC1lY2FhLTExZTYtOGY4OC0zNDM2M2JjN2M0YzAiOnsiY3JlYXRlIjoxODAwMDAwMDAwMDAwLCJkZWxldGUiOjE4MDAwMDAwMDAwMDAsInJlYWQiOjMwMDAwMDAwMDAwMCwidXBkYXRlIjoxODAwMDAwMDAwMDAwfX0=",
          "dependencies": [
            "azurerm_key_vault.keyvault-browser-dev",
            "azurerm_resource_group.resource-group",
            "data.azurerm_client_config.current",
            "random_password.random"
          ]
        },
        {
          "index_key": 18,
          "schema_version": 0,
          "attributes": {
            "content_type": "",
            "expiration_date": null,
            "id": "https://keyvault-browser-dev.vault.azure.net/secrets/TEST-PASSWORD-18/1f63fa484d1e47769ddd1d3e9a8f502c",
            "key_vault_id": "/subscriptions/7db81549-e1e7-467b-9c24-04b81630eeaa/resourceGroups/keyvault-browser-dev-rg/providers/Microsoft.KeyVault/vaults/keyvault-browser-dev",
            "name": "TEST-PASSWORD-18",
            "not_before_date": null,
            "tags": null,
            "timeouts": null,
            "value": "\u0026y8:8jN#0E{\u0026iTWaV2QC",
            "version": "1f63fa484d1e47769ddd1d3e9a8f502c"
          },
          "sensitive_attributes": [
            [
              {
                "type": "get_attr",
                "value": "value"
              }
            ]
          ],
          "private": "eyJlMmJmYjczMC1lY2FhLTExZTYtOGY4OC0zNDM2M2JjN2M0YzAiOnsiY3JlYXRlIjoxODAwMDAwMDAwMDAwLCJkZWxldGUiOjE4MDAwMDAwMDAwMDAsInJlYWQiOjMwMDAwMDAwMDAwMCwidXBkYXRlIjoxODAwMDAwMDAwMDAwfX0=",
          "dependencies": [
            "azurerm_key_vault.keyvault-browser-dev",
            "azurerm_resource_group.resource-group",
            "data.azurerm_client_config.current",
            "random_password.random"
          ]
        },
        {
          "index_key": 19,
          "schema_version": 0,
          "attributes": {
            "content_type": "",
            "expiration_date": null,
            "id": "https://keyvault-browser-dev.vault.azure.net/secrets/TEST-PASSWORD-19/47d76c96e4a34ce3876f2e868f4f47d1",
            "key_vault_id": "/subscriptions/7db81549-e1e7-467b-9c24-04b81630eeaa/resourceGroups/keyvault-browser-dev-rg/providers/Microsoft.KeyVault/vaults/keyvault-browser-dev",
            "name": "TEST-PASSWORD-19",
            "not_before_date": null,
            "tags": null,
            "timeouts": null,
            "value": "\u0026y8:8jN#0E{\u0026iTWaV2QC",
            "version": "47d76c96e4a34ce3876f2e868f4f47d1"
          },
          "sensitive_attributes": [
            [
              {
                "type": "get_attr",
                "value": "value"
              }
            ]
          ],
          "private": "eyJlMmJmYjczMC1lY2FhLTExZTYtOGY4OC0zNDM2M2JjN2M0YzAiOnsiY3JlYXRlIjoxODAwMDAwMDAwMDAwLCJkZWxldGUiOjE4MDAwMDAwMDAwMDAsInJlYWQiOjMwMDAwMDAwMDAwMCwidXBkYXRlIjoxODAwMDAwMDAwMDAwfX0=",
          "dependencies": [
            "azurerm_key_vault.keyvault-browser-dev",
            "azurerm_resource_group.resource-group",
            "data.azurerm_client_config.current",
            "random_password.random"
          ]
        }
      ]
    },
    {
      "mode": "managed",
      "type": "azurerm_key_vault_secret",
      "name": "secret2",
      "provider": "provider[\"registry.terraform.io/hashicorp/azurerm\"]",
      "instances": [
        {
          "index_key": 0,
          "schema_version": 0,
          "attributes": {
            "content_type": "",
            "expiration_date": null,
            "id": "https://keyvault-browser-dev.vault.azure.net/secrets/PASSWORD-0-TEST/b746560269a041568261d0b872664894",
            "key_vault_id": "/subscriptions/7db81549-e1e7-467b-9c24-04b81630eeaa/resourceGroups/keyvault-browser-dev-rg/providers/Microsoft.KeyVault/vaults/keyvault-browser-dev",
            "name": "PASSWORD-0-TEST",
            "not_before_date": null,
            "tags": null,
            "timeouts": null,
            "value": "\u0026y8:8jN#0E{\u0026iTWaV2QC",
            "version": "b746560269a041568261d0b872664894"
          },
          "sensitive_attributes": [
            [
              {
                "type": "get_attr",
                "value": "value"
              }
            ]
          ],
          "private": "eyJlMmJmYjczMC1lY2FhLTExZTYtOGY4OC0zNDM2M2JjN2M0YzAiOnsiY3JlYXRlIjoxODAwMDAwMDAwMDAwLCJkZWxldGUiOjE4MDAwMDAwMDAwMDAsInJlYWQiOjMwMDAwMDAwMDAwMCwidXBkYXRlIjoxODAwMDAwMDAwMDAwfX0=",
          "dependencies": [
            "azurerm_key_vault.keyvault-browser-dev",
            "azurerm_resource_group.resource-group",
            "data.azurerm_client_config.current",
            "random_password.random"
          ]
        },
        {
          "index_key": 1,
          "schema_version": 0,
          "attributes": {
            "content_type": "",
            "expiration_date": null,
            "id": "https://keyvault-browser-dev.vault.azure.net/secrets/PASSWORD-1-TEST/1191b05603a04758b59e6c3319c3e4c0",
            "key_vault_id": "/subscriptions/7db81549-e1e7-467b-9c24-04b81630eeaa/resourceGroups/keyvault-browser-dev-rg/providers/Microsoft.KeyVault/vaults/keyvault-browser-dev",
            "name": "PASSWORD-1-TEST",
            "not_before_date": null,
            "tags": null,
            "timeouts": null,
            "value": "\u0026y8:8jN#0E{\u0026iTWaV2QC",
            "version": "1191b05603a04758b59e6c3319c3e4c0"
          },
          "sensitive_attributes": [
            [
              {
                "type": "get_attr",
                "value": "value"
              }
            ]
          ],
          "private": "eyJlMmJmYjczMC1lY2FhLTExZTYtOGY4OC0zNDM2M2JjN2M0YzAiOnsiY3JlYXRlIjoxODAwMDAwMDAwMDAwLCJkZWxldGUiOjE4MDAwMDAwMDAwMDAsInJlYWQiOjMwMDAwMDAwMDAwMCwidXBkYXRlIjoxODAwMDAwMDAwMDAwfX0=",
          "dependencies": [
            "azurerm_key_vault.keyvault-browser-dev",
            "azurerm_resource_group.resource-group",
            "data.azurerm_client_config.current",
            "random_password.random"
          ]
        },
        {
          "index_key": 2,
          "schema_version": 0,
          "attributes": {
            "content_type": "",
            "expiration_date": null,
            "id": "https://keyvault-browser-dev.vault.azure.net/secrets/PASSWORD-2-TEST/d7905fd192ee43868b2e547f53d4f5a6",
            "key_vault_id": "/subscriptions/7db81549-e1e7-467b-9c24-04b81630eeaa/resourceGroups/keyvault-browser-dev-rg/providers/Microsoft.KeyVault/vaults/keyvault-browser-dev",
            "name": "PASSWORD-2-TEST",
            "not_before_date": null,
            "tags": null,
            "timeouts": null,
            "value": "\u0026y8:8jN#0E{\u0026iTWaV2QC",
            "version": "d7905fd192ee43868b2e547f53d4f5a6"
          },
          "sensitive_attributes": [
            [
              {
                "type": "get_attr",
                "value": "value"
              }
            ]
          ],
          "private": "eyJlMmJmYjczMC1lY2FhLTExZTYtOGY4OC0zNDM2M2JjN2M0YzAiOnsiY3JlYXRlIjoxODAwMDAwMDAwMDAwLCJkZWxldGUiOjE4MDAwMDAwMDAwMDAsInJlYWQiOjMwMDAwMDAwMDAwMCwidXBkYXRlIjoxODAwMDAwMDAwMDAwfX0=",
          "dependencies": [
            "azurerm_key_vault.keyvault-browser-dev",
            "azurerm_resource_group.resource-group",
            "data.azurerm_client_config.current",
            "random_password.random"
          ]
        },
        {
          "index_key": 3,
          "schema_version": 0,
          "attributes": {
            "content_type": "",
            "expiration_date": null,
            "id": "https://keyvault-browser-dev.vault.azure.net/secrets/PASSWORD-3-TEST/a855eb1307894c8d90ee2daa451a3192",
            "key_vault_id": "/subscriptions/7db81549-e1e7-467b-9c24-04b81630eeaa/resourceGroups/keyvault-browser-dev-rg/providers/Microsoft.KeyVault/vaults/keyvault-browser-dev",
            "name": "PASSWORD-3-TEST",
            "not_before_date": null,
            "tags": null,
            "timeouts": null,
            "value": "\u0026y8:8jN#0E{\u0026iTWaV2QC",
            "version": "a855eb1307894c8d90ee2daa451a3192"
          },
          "sensitive_attributes": [
            [
              {
                "type": "get_attr",
                "value": "value"
              }
            ]
          ],
          "private": "eyJlMmJmYjczMC1lY2FhLTExZTYtOGY4OC0zNDM2M2JjN2M0YzAiOnsiY3JlYXRlIjoxODAwMDAwMDAwMDAwLCJkZWxldGUiOjE4MDAwMDAwMDAwMDAsInJlYWQiOjMwMDAwMDAwMDAwMCwidXBkYXRlIjoxODAwMDAwMDAwMDAwfX0=",
          "dependencies": [
            "azurerm_key_vault.keyvault-browser-dev",
            "azurerm_resource_group.resource-group",
            "data.azurerm_client_config.current",
            "random_password.random"
          ]
        },
        {
          "index_key": 4,
          "schema_version": 0,
          "attributes": {
            "content_type": "",
            "expiration_date": null,
            "id": "https://keyvault-browser-dev.vault.azure.net/secrets/PASSWORD-4-TEST/d7d5a4b2a9c14861811c62aae92ea9db",
            "key_vault_id": "/subscriptions/7db81549-e1e7-467b-9c24-04b81630eeaa/resourceGroups/keyvault-browser-dev-rg/providers/Microsoft.KeyVault/vaults/keyvault-browser-dev",
            "name": "PASSWORD-4-TEST",
            "not_before_date": null,
            "tags": null,
            "timeouts": null,
            "value": "\u0026y8:8jN#0E{\u0026iTWaV2QC",
            "version": "d7d5a4b2a9c14861811c62aae92ea9db"
          },
          "sensitive_attributes": [
            [
              {
                "type": "get_attr",
                "value": "value"
              }
            ]
          ],
          "private": "eyJlMmJmYjczMC1lY2FhLTExZTYtOGY4OC0zNDM2M2JjN2M0YzAiOnsiY3JlYXRlIjoxODAwMDAwMDAwMDAwLCJkZWxldGUiOjE4MDAwMDAwMDAwMDAsInJlYWQiOjMwMDAwMDAwMDAwMCwidXBkYXRlIjoxODAwMDAwMDAwMDAwfX0=",
          "dependencies": [
            "azurerm_key_vault.keyvault-browser-dev",
            "azurerm_resource_group.resource-group",
            "data.azurerm_client_config.current",
            "random_password.random"
          ]
        },
        {
          "index_key": 5,
          "schema_version": 0,
          "attributes": {
            "content_type": "",
            "expiration_date": null,
            "id": "https://keyvault-browser-dev.vault.azure.net/secrets/PASSWORD-5-TEST/a4330a4792884a1ea61418ca82333a36",
            "key_vault_id": "/subscriptions/7db81549-e1e7-467b-9c24-04b81630eeaa/resourceGroups/keyvault-browser-dev-rg/providers/Microsoft.KeyVault/vaults/keyvault-browser-dev",
            "name": "PASSWORD-5-TEST",
            "not_before_date": null,
            "tags": null,
            "timeouts": null,
            "value": "\u0026y8:8jN#0E{\u0026iTWaV2QC",
            "version": "a4330a4792884a1ea61418ca82333a36"
          },
          "sensitive_attributes": [
            [
              {
                "type": "get_attr",
                "value": "value"
              }
            ]
          ],
          "private": "eyJlMmJmYjczMC1lY2FhLTExZTYtOGY4OC0zNDM2M2JjN2M0YzAiOnsiY3JlYXRlIjoxODAwMDAwMDAwMDAwLCJkZWxldGUiOjE4MDAwMDAwMDAwMDAsInJlYWQiOjMwMDAwMDAwMDAwMCwidXBkYXRlIjoxODAwMDAwMDAwMDAwfX0=",
          "dependencies": [
            "azurerm_key_vault.keyvault-browser-dev",
            "azurerm_resource_group.resource-group",
            "data.azurerm_client_config.current",
            "random_password.random"
          ]
        },
        {
          "index_key": 6,
          "schema_version": 0,
          "attributes": {
            "content_type": "",
            "expiration_date": null,
            "id": "https://keyvault-browser-dev.vault.azure.net/secrets/PASSWORD-6-TEST/3d308b7236534fd897f2040d3894e463",
            "key_vault_id": "/subscriptions/7db81549-e1e7-467b-9c24-04b81630eeaa/resourceGroups/keyvault-browser-dev-rg/providers/Microsoft.KeyVault/vaults/keyvault-browser-dev",
            "name": "PASSWORD-6-TEST",
            "not_before_date": null,
            "tags": null,
            "timeouts": null,
            "value": "\u0026y8:8jN#0E{\u0026iTWaV2QC",
            "version": "3d308b7236534fd897f2040d3894e463"
          },
          "sensitive_attributes": [
            [
              {
                "type": "get_attr",
                "value": "value"
              }
            ]
          ],
          "private": "eyJlMmJmYjczMC1lY2FhLTExZTYtOGY4OC0zNDM2M2JjN2M0YzAiOnsiY3JlYXRlIjoxODAwMDAwMDAwMDAwLCJkZWxldGUiOjE4MDAwMDAwMDAwMDAsInJlYWQiOjMwMDAwMDAwMDAwMCwidXBkYXRlIjoxODAwMDAwMDAwMDAwfX0=",
          "dependencies": [
            "azurerm_key_vault.keyvault-browser-dev",
            "azurerm_resource_group.resource-group",
            "data.azurerm_client_config.current",
            "random_password.random"
          ]
        },
        {
          "index_key": 7,
          "schema_version": 0,
          "attributes": {
            "content_type": "",
            "expiration_date": null,
            "id": "https://keyvault-browser-dev.vault.azure.net/secrets/PASSWORD-7-TEST/330d69e3460e409fa20e426b39c64d62",
            "key_vault_id": "/subscriptions/7db81549-e1e7-467b-9c24-04b81630eeaa/resourceGroups/keyvault-browser-dev-rg/providers/Microsoft.KeyVault/vaults/keyvault-browser-dev",
            "name": "PASSWORD-7-TEST",
            "not_before_date": null,
            "tags": null,
            "timeouts": null,
            "value": "\u0026y8:8jN#0E{\u0026iTWaV2QC",
            "version": "330d69e3460e409fa20e426b39c64d62"
          },
          "sensitive_attributes": [
            [
              {
                "type": "get_attr",
                "value": "value"
              }
            ]
          ],
          "private": "eyJlMmJmYjczMC1lY2FhLTExZTYtOGY4OC0zNDM2M2JjN2M0YzAiOnsiY3JlYXRlIjoxODAwMDAwMDAwMDAwLCJkZWxldGUiOjE4MDAwMDAwMDAwMDAsInJlYWQiOjMwMDAwMDAwMDAwMCwidXBkYXRlIjoxODAwMDAwMDAwMDAwfX0=",
          "dependencies": [
            "azurerm_key_vault.keyvault-browser-dev",
            "azurerm_resource_group.resource-group",
            "data.azurerm_client_config.current",
            "random_password.random"
          ]
        },
        {
          "index_key": 8,
          "schema_version": 0,
          "attributes": {
            "content_type": "",
            "expiration_date": null,
            "id": "https://keyvault-browser-dev.vault.azure.net/secrets/PASSWORD-8-TEST/9afd0f5b892b422bb42f702995f064ba",
            "key_vault_id": "/subscriptions/7db81549-e1e7-467b-9c24-04b81630eeaa/resourceGroups/keyvault-browser-dev-rg/providers/Microsoft.KeyVault/vaults/keyvault-browser-dev",
            "name": "PASSWORD-8-TEST",
            "not_before_date": null,
            "tags": null,
            "timeouts": null,
            "value": "\u0026y8:8jN#0E{\u0026iTWaV2QC",
            "version": "9afd0f5b892b422bb42f702995f064ba"
          },
          "sensitive_attributes": [
            [
              {
                "type": "get_attr",
                "value": "value"
              }
            ]
          ],
          "private": "eyJlMmJmYjczMC1lY2FhLTExZTYtOGY4OC0zNDM2M2JjN2M0YzAiOnsiY3JlYXRlIjoxODAwMDAwMDAwMDAwLCJkZWxldGUiOjE4MDAwMDAwMDAwMDAsInJlYWQiOjMwMDAwMDAwMDAwMCwidXBkYXRlIjoxODAwMDAwMDAwMDAwfX0=",
          "dependencies": [
            "azurerm_key_vault.keyvault-browser-dev",
            "azurerm_resource_group.resource-group",
            "data.azurerm_client_config.current",
            "random_password.random"
          ]
        },
        {
          "index_key": 9,
          "schema_version": 0,
          "attributes": {
            "content_type": "",
            "expiration_date": null,
            "id": "https://keyvault-browser-dev.vault.azure.net/secrets/PASSWORD-9-TEST/3f014dae14a94793871f2d7ec5b8ad0d",
            "key_vault_id": "/subscriptions/7db81549-e1e7-467b-9c24-04b81630eeaa/resourceGroups/keyvault-browser-dev-rg/providers/Microsoft.KeyVault/vaults/keyvault-browser-dev",
            "name": "PASSWORD-9-TEST",
            "not_before_date": null,
            "tags": null,
            "timeouts": null,
            "value": "\u0026y8:8jN#0E{\u0026iTWaV2QC",
            "version": "3f014dae14a94793871f2d7ec5b8ad0d"
          },
          "sensitive_attributes": [
            [
              {
                "type": "get_attr",
                "value": "value"
              }
            ]
          ],
          "private": "eyJlMmJmYjczMC1lY2FhLTExZTYtOGY4OC0zNDM2M2JjN2M0YzAiOnsiY3JlYXRlIjoxODAwMDAwMDAwMDAwLCJkZWxldGUiOjE4MDAwMDAwMDAwMDAsInJlYWQiOjMwMDAwMDAwMDAwMCwidXBkYXRlIjoxODAwMDAwMDAwMDAwfX0=",
          "dependencies": [
            "azurerm_key_vault.keyvault-browser-dev",
            "azurerm_resource_group.resource-group",
            "data.azurerm_client_config.current",
            "random_password.random"
          ]
        },
        {
          "index_key": 10,
          "schema_version": 0,
          "attributes": {
            "content_type": "",
            "expiration_date": null,
            "id": "https://keyvault-browser-dev.vault.azure.net/secrets/PASSWORD-10-TEST/e1a7516899a54d9a8802404e02ea1153",
            "key_vault_id": "/subscriptions/7db81549-e1e7-467b-9c24-04b81630eeaa/resourceGroups/keyvault-browser-dev-rg/providers/Microsoft.KeyVault/vaults/keyvault-browser-dev",
            "name": "PASSWORD-10-TEST",
            "not_before_date": null,
            "tags": null,
            "timeouts": null,
            "value": "\u0026y8:8jN#0E{\u0026iTWaV2QC",
            "version": "e1a7516899a54d9a8802404e02ea1153"
          },
          "sensitive_attributes": [
            [
              {
                "type": "get_attr",
                "value": "value"
              }
            ]
          ],
          "private": "eyJlMmJmYjczMC1lY2FhLTExZTYtOGY4OC0zNDM2M2JjN2M0YzAiOnsiY3JlYXRlIjoxODAwMDAwMDAwMDAwLCJkZWxldGUiOjE4MDAwMDAwMDAwMDAsInJlYWQiOjMwMDAwMDAwMDAwMCwidXBkYXRlIjoxODAwMDAwMDAwMDAwfX0=",
          "dependencies": [
            "azurerm_key_vault.keyvault-browser-dev",
            "azurerm_resource_group.resource-group",
            "data.azurerm_client_config.current",
            "random_password.random"
          ]
        },
        {
          "index_key": 11,
          "schema_version": 0,
          "attributes": {
            "content_type": "",
            "expiration_date": null,
            "id": "https://keyvault-browser-dev.vault.azure.net/secrets/PASSWORD-11-TEST/9530170562a04ad2b263b4b6f0feaed3",
            "key_vault_id": "/subscriptions/7db81549-e1e7-467b-9c24-04b81630eeaa/resourceGroups/keyvault-browser-dev-rg/providers/Microsoft.KeyVault/vaults/keyvault-browser-dev",
            "name": "PASSWORD-11-TEST",
            "not_before_date": null,
            "tags": null,
            "timeouts": null,
            "value": "\u0026y8:8jN#0E{\u0026iTWaV2QC",
            "version": "9530170562a04ad2b263b4b6f0feaed3"
          },
          "sensitive_attributes": [
            [
              {
                "type": "get_attr",
                "value": "value"
              }
            ]
          ],
          "private": "eyJlMmJmYjczMC1lY2FhLTExZTYtOGY4OC0zNDM2M2JjN2M0YzAiOnsiY3JlYXRlIjoxODAwMDAwMDAwMDAwLCJkZWxldGUiOjE4MDAwMDAwMDAwMDAsInJlYWQiOjMwMDAwMDAwMDAwMCwidXBkYXRlIjoxODAwMDAwMDAwMDAwfX0=",
          "dependencies": [
            "azurerm_key_vault.keyvault-browser-dev",
            "azurerm_resource_group.resource-group",
            "data.azurerm_client_config.current",
            "random_password.random"
          ]
        },
        {
          "index_key": 12,
          "schema_version": 0,
          "attributes": {
            "content_type": "",
            "expiration_date": null,
            "id": "https://keyvault-browser-dev.vault.azure.net/secrets/PASSWORD-12-TEST/1ee69369634d4e348a8fb135dffee5e6",
            "key_vault_id": "/subscriptions/7db81549-e1e7-467b-9c24-04b81630eeaa/resourceGroups/keyvault-browser-dev-rg/providers/Microsoft.KeyVault/vaults/keyvault-browser-dev",
            "name": "PASSWORD-12-TEST",
            "not_before_date": null,
            "tags": null,
            "timeouts": null,
            "value": "\u0026y8:8jN#0E{\u0026iTWaV2QC",
            "version": "1ee69369634d4e348a8fb135dffee5e6"
          },
          "sensitive_attributes": [
            [
              {
                "type": "get_attr",
                "value": "value"
              }
            ]
          ],
          "private": "eyJlMmJmYjczMC1lY2FhLTExZTYtOGY4OC0zNDM2M2JjN2M0YzAiOnsiY3JlYXRlIjoxODAwMDAwMDAwMDAwLCJkZWxldGUiOjE4MDAwMDAwMDAwMDAsInJlYWQiOjMwMDAwMDAwMDAwMCwidXBkYXRlIjoxODAwMDAwMDAwMDAwfX0=",
          "dependencies": [
            "azurerm_key_vault.keyvault-browser-dev",
            "azurerm_resource_group.resource-group",
            "data.azurerm_client_config.current",
            "random_password.random"
          ]
        },
        {
          "index_key": 13,
          "schema_version": 0,
          "attributes": {
            "content_type": "",
            "expiration_date": null,
            "id": "https://keyvault-browser-dev.vault.azure.net/secrets/PASSWORD-13-TEST/dcdf4cd30d6a44bc90917d8930063a0a",
            "key_vault_id": "/subscriptions/7db81549-e1e7-467b-9c24-04b81630eeaa/resourceGroups/keyvault-browser-dev-rg/providers/Microsoft.KeyVault/vaults/keyvault-browser-dev",
            "name": "PASSWORD-13-TEST",
            "not_before_date": null,
            "tags": null,
            "timeouts": null,
            "value": "\u0026y8:8jN#0E{\u0026iTWaV2QC",
            "version": "dcdf4cd30d6a44bc90917d8930063a0a"
          },
          "sensitive_attributes": [
            [
              {
                "type": "get_attr",
                "value": "value"
              }
            ]
          ],
          "private": "eyJlMmJmYjczMC1lY2FhLTExZTYtOGY4OC0zNDM2M2JjN2M0YzAiOnsiY3JlYXRlIjoxODAwMDAwMDAwMDAwLCJkZWxldGUiOjE4MDAwMDAwMDAwMDAsInJlYWQiOjMwMDAwMDAwMDAwMCwidXBkYXRlIjoxODAwMDAwMDAwMDAwfX0=",
          "dependencies": [
            "azurerm_key_vault.keyvault-browser-dev",
            "azurerm_resource_group.resource-group",
            "data.azurerm_client_config.current",
            "random_password.random"
          ]
        },
        {
          "index_key": 14,
          "schema_version": 0,
          "attributes": {
            "content_type": "",
            "expiration_date": null,
            "id": "https://keyvault-browser-dev.vault.azure.net/secrets/PASSWORD-14-TEST/01f41fb300244142aa64b47733ab5196",
            "key_vault_id": "/subscriptions/7db81549-e1e7-467b-9c24-04b81630eeaa/resourceGroups/keyvault-browser-dev-rg/providers/Microsoft.KeyVault/vaults/keyvault-browser-dev",
            "name": "PASSWORD-14-TEST",
            "not_before_date": null,
            "tags": null,
            "timeouts": null,
            "value": "\u0026y8:8jN#0E{\u0026iTWaV2QC",
            "version": "01f41fb300244142aa64b47733ab5196"
          },
          "sensitive_attributes": [
            [
              {
                "type": "get_attr",
                "value": "value"
              }
            ]
          ],
          "private": "eyJlMmJmYjczMC1lY2FhLTExZTYtOGY4OC0zNDM2M2JjN2M0YzAiOnsiY3JlYXRlIjoxODAwMDAwMDAwMDAwLCJkZWxldGUiOjE4MDAwMDAwMDAwMDAsInJlYWQiOjMwMDAwMDAwMDAwMCwidXBkYXRlIjoxODAwMDAwMDAwMDAwfX0=",
          "dependencies": [
            "azurerm_key_vault.keyvault-browser-dev",
            "azurerm_resource_group.resource-group",
            "data.azurerm_client_config.current",
            "random_password.random"
          ]
        },
        {
          "index_key": 15,
          "schema_version": 0,
          "attributes": {
            "content_type": "",
            "expiration_date": null,
            "id": "https://keyvault-browser-dev.vault.azure.net/secrets/PASSWORD-15-TEST/b17b18591f974861a83cb3c0769ec3b2",
            "key_vault_id": "/subscriptions/7db81549-e1e7-467b-9c24-04b81630eeaa/resourceGroups/keyvault-browser-dev-rg/providers/Microsoft.KeyVault/vaults/keyvault-browser-dev",
            "name": "PASSWORD-15-TEST",
            "not_before_date": null,
            "tags": null,
            "timeouts": null,
            "value": "\u0026y8:8jN#0E{\u0026iTWaV2QC",
            "version": "b17b18591f974861a83cb3c0769ec3b2"
          },
          "sensitive_attributes": [
            [
              {
                "type": "get_attr",
                "value": "value"
              }
            ]
          ],
          "private": "eyJlMmJmYjczMC1lY2FhLTExZTYtOGY4OC0zNDM2M2JjN2M0YzAiOnsiY3JlYXRlIjoxODAwMDAwMDAwMDAwLCJkZWxldGUiOjE4MDAwMDAwMDAwMDAsInJlYWQiOjMwMDAwMDAwMDAwMCwidXBkYXRlIjoxODAwMDAwMDAwMDAwfX0=",
          "dependencies": [
            "azurerm_key_vault.keyvault-browser-dev",
            "azurerm_resource_group.resource-group",
            "data.azurerm_client_config.current",
            "random_password.random"
          ]
        },
        {
          "index_key": 16,
          "schema_version": 0,
          "attributes": {
            "content_type": "",
            "expiration_date": null,
            "id": "https://keyvault-browser-dev.vault.azure.net/secrets/PASSWORD-16-TEST/ab17c6a8740f4a75a885249a2afda5ed",
            "key_vault_id": "/subscriptions/7db81549-e1e7-467b-9c24-04b81630eeaa/resourceGroups/keyvault-browser-dev-rg/providers/Microsoft.KeyVault/vaults/keyvault-browser-dev",
            "name": "PASSWORD-16-TEST",
            "not_before_date": null,
            "tags": null,
            "timeouts": null,
            "value": "\u0026y8:8jN#0E{\u0026iTWaV2QC",
            "version": "ab17c6a8740f4a75a885249a2afda5ed"
          },
          "sensitive_attributes": [
            [
              {
                "type": "get_attr",
                "value": "value"
              }
            ]
          ],
          "private": "eyJlMmJmYjczMC1lY2FhLTExZTYtOGY4OC0zNDM2M2JjN2M0YzAiOnsiY3JlYXRlIjoxODAwMDAwMDAwMDAwLCJkZWxldGUiOjE4MDAwMDAwMDAwMDAsInJlYWQiOjMwMDAwMDAwMDAwMCwidXBkYXRlIjoxODAwMDAwMDAwMDAwfX0=",
          "dependencies": [
            "azurerm_key_vault.keyvault-browser-dev",
            "azurerm_resource_group.resource-group",
            "data.azurerm_client_config.current",
            "random_password.random"
          ]
        },
        {
          "index_key": 17,
          "schema_version": 0,
          "attributes": {
            "content_type": "",
            "expiration_date": null,
            "id": "https://keyvault-browser-dev.vault.azure.net/secrets/PASSWORD-17-TEST/96c2fa551bee4162af034e3b961c0257",
            "key_vault_id": "/subscriptions/7db81549-e1e7-467b-9c24-04b81630eeaa/resourceGroups/keyvault-browser-dev-rg/providers/Microsoft.KeyVault/vaults/keyvault-browser-dev",
            "name": "PASSWORD-17-TEST",
            "not_before_date": null,
            "tags": null,
            "timeouts": null,
            "value": "\u0026y8:8jN#0E{\u0026iTWaV2QC",
            "version": "96c2fa551bee4162af034e3b961c0257"
          },
          "sensitive_attributes": [
            [
              {
                "type": "get_attr",
                "value": "value"
              }
            ]
          ],
          "private": "eyJlMmJmYjczMC1lY2FhLTExZTYtOGY4OC0zNDM2M2JjN2M0YzAiOnsiY3JlYXRlIjoxODAwMDAwMDAwMDAwLCJkZWxldGUiOjE4MDAwMDAwMDAwMDAsInJlYWQiOjMwMDAwMDAwMDAwMCwidXBkYXRlIjoxODAwMDAwMDAwMDAwfX0=",
          "dependencies": [
            "azurerm_key_vault.keyvault-browser-dev",
            "azurerm_resource_group.resource-group",
            "data.azurerm_client_config.current",
            "random_password.random"
          ]
        },
        {
          "index_key": 18,
          "schema_version": 0,
          "attributes": {
            "content_type": "",
            "expiration_date": null,
            "id": "https://keyvault-browser-dev.vault.azure.net/secrets/PASSWORD-18-TEST/0d03a2c466544a519c204f7be871ce04",
            "key_vault_id": "/subscriptions/7db81549-e1e7-467b-9c24-04b81630eeaa/resourceGroups/keyvault-browser-dev-rg/providers/Microsoft.KeyVault/vaults/keyvault-browser-dev",
            "name": "PASSWORD-18-TEST",
            "not_before_date": null,
            "tags": null,
            "timeouts": null,
            "value": "\u0026y8:8jN#0E{\u0026iTWaV2QC",
            "version": "0d03a2c466544a519c204f7be871ce04"
          },
          "sensitive_attributes": [
            [
              {
                "type": "get_attr",
                "value": "value"
              }
            ]
          ],
          "private": "eyJlMmJmYjczMC1lY2FhLTExZTYtOGY4OC0zNDM2M2JjN2M0YzAiOnsiY3JlYXRlIjoxODAwMDAwMDAwMDAwLCJkZWxldGUiOjE4MDAwMDAwMDAwMDAsInJlYWQiOjMwMDAwMDAwMDAwMCwidXBkYXRlIjoxODAwMDAwMDAwMDAwfX0=",
          "dependencies": [
            "azurerm_key_vault.keyvault-browser-dev",
            "azurerm_resource_group.resource-group",
            "data.azurerm_client_config.current",
            "random_password.random"
          ]
        },
        {
          "index_key": 19,
          "schema_version": 0,
          "attributes": {
            "content_type": "",
            "expiration_date": null,
            "id": "https://keyvault-browser-dev.vault.azure.net/secrets/PASSWORD-19-TEST/25483a3aea034490b181e12653a04cec",
            "key_vault_id": "/subscriptions/7db81549-e1e7-467b-9c24-04b81630eeaa/resourceGroups/keyvault-browser-dev-rg/providers/Microsoft.KeyVault/vaults/keyvault-browser-dev",
            "name": "PASSWORD-19-TEST",
            "not_before_date": null,
            "tags": null,
            "timeouts": null,
            "value": "\u0026y8:8jN#0E{\u0026iTWaV2QC",
            "version": "25483a3aea034490b181e12653a04cec"
          },
          "sensitive_attributes": [
            [
              {
                "type": "get_attr",
                "value": "value"
              }
            ]
          ],
          "private": "eyJlMmJmYjczMC1lY2FhLTExZTYtOGY4OC0zNDM2M2JjN2M0YzAiOnsiY3JlYXRlIjoxODAwMDAwMDAwMDAwLCJkZWxldGUiOjE4MDAwMDAwMDAwMDAsInJlYWQiOjMwMDAwMDAwMDAwMCwidXBkYXRlIjoxODAwMDAwMDAwMDAwfX0=",
          "dependencies": [
            "azurerm_key_vault.keyvault-browser-dev",
            "azurerm_resource_group.resource-group",
            "data.azurerm_client_config.current",
            "random_password.random"
          ]
        }
      ]
    },
    {
      "mode": "managed",
      "type": "azurerm_key_vault_secret",
      "name": "secret3",
      "provider": "provider[\"registry.terraform.io/hashicorp/azurerm\"]",
      "instances": [
        {
          "index_key": 0,
          "schema_version": 0,
          "attributes": {
            "content_type": "",
            "expiration_date": null,
            "id": "https://keyvault-browser-dev.vault.azure.net/secrets/PASSWORD0TEST/836b2d460b004182b95e1d4c7b7e641d",
            "key_vault_id": "/subscriptions/7db81549-e1e7-467b-9c24-04b81630eeaa/resourceGroups/keyvault-browser-dev-rg/providers/Microsoft.KeyVault/vaults/keyvault-browser-dev",
            "name": "PASSWORD0TEST",
            "not_before_date": null,
            "tags": null,
            "timeouts": null,
            "value": "\u0026y8:8jN#0E{\u0026iTWaV2QC",
            "version": "836b2d460b004182b95e1d4c7b7e641d"
          },
          "sensitive_attributes": [
            [
              {
                "type": "get_attr",
                "value": "value"
              }
            ]
          ],
          "private": "eyJlMmJmYjczMC1lY2FhLTExZTYtOGY4OC0zNDM2M2JjN2M0YzAiOnsiY3JlYXRlIjoxODAwMDAwMDAwMDAwLCJkZWxldGUiOjE4MDAwMDAwMDAwMDAsInJlYWQiOjMwMDAwMDAwMDAwMCwidXBkYXRlIjoxODAwMDAwMDAwMDAwfX0=",
          "dependencies": [
            "azurerm_key_vault.keyvault-browser-dev",
            "azurerm_resource_group.resource-group",
            "data.azurerm_client_config.current",
            "random_password.random"
          ]
        },
        {
          "index_key": 1,
          "schema_version": 0,
          "attributes": {
            "content_type": "",
            "expiration_date": null,
            "id": "https://keyvault-browser-dev.vault.azure.net/secrets/PASSWORD1TEST/2e6f1f07679f4ffda9d26e3381f86f70",
            "key_vault_id": "/subscriptions/7db81549-e1e7-467b-9c24-04b81630eeaa/resourceGroups/keyvault-browser-dev-rg/providers/Microsoft.KeyVault/vaults/keyvault-browser-dev",
            "name": "PASSWORD1TEST",
            "not_before_date": null,
            "tags": null,
            "timeouts": null,
            "value": "\u0026y8:8jN#0E{\u0026iTWaV2QC",
            "version": "2e6f1f07679f4ffda9d26e3381f86f70"
          },
          "sensitive_attributes": [
            [
              {
                "type": "get_attr",
                "value": "value"
              }
            ]
          ],
          "private": "eyJlMmJmYjczMC1lY2FhLTExZTYtOGY4OC0zNDM2M2JjN2M0YzAiOnsiY3JlYXRlIjoxODAwMDAwMDAwMDAwLCJkZWxldGUiOjE4MDAwMDAwMDAwMDAsInJlYWQiOjMwMDAwMDAwMDAwMCwidXBkYXRlIjoxODAwMDAwMDAwMDAwfX0=",
          "dependencies": [
            "azurerm_key_vault.keyvault-browser-dev",
            "azurerm_resource_group.resource-group",
            "data.azurerm_client_config.current",
            "random_password.random"
          ]
        },
        {
          "index_key": 2,
          "schema_version": 0,
          "attributes": {
            "content_type": "",
            "expiration_date": null,
            "id": "https://keyvault-browser-dev.vault.azure.net/secrets/PASSWORD2TEST/d3619ffa8c0040f8acbf4303494285c4",
            "key_vault_id": "/subscriptions/7db81549-e1e7-467b-9c24-04b81630eeaa/resourceGroups/keyvault-browser-dev-rg/providers/Microsoft.KeyVault/vaults/keyvault-browser-dev",
            "name": "PASSWORD2TEST",
            "not_before_date": null,
            "tags": null,
            "timeouts": null,
            "value": "\u0026y8:8jN#0E{\u0026iTWaV2QC",
            "version": "d3619ffa8c0040f8acbf4303494285c4"
          },
          "sensitive_attributes": [
            [
              {
                "type": "get_attr",
                "value": "value"
              }
            ]
          ],
          "private": "eyJlMmJmYjczMC1lY2FhLTExZTYtOGY4OC0zNDM2M2JjN2M0YzAiOnsiY3JlYXRlIjoxODAwMDAwMDAwMDAwLCJkZWxldGUiOjE4MDAwMDAwMDAwMDAsInJlYWQiOjMwMDAwMDAwMDAwMCwidXBkYXRlIjoxODAwMDAwMDAwMDAwfX0=",
          "dependencies": [
            "azurerm_key_vault.keyvault-browser-dev",
            "azurerm_resource_group.resource-group",
            "data.azurerm_client_config.current",
            "random_password.random"
          ]
        },
        {
          "index_key": 3,
          "schema_version": 0,
          "attributes": {
            "content_type": "",
            "expiration_date": null,
            "id": "https://keyvault-browser-dev.vault.azure.net/secrets/PASSWORD3TEST/603a4eacdf0c4a61aab84af6c52cc35b",
            "key_vault_id": "/subscriptions/7db81549-e1e7-467b-9c24-04b81630eeaa/resourceGroups/keyvault-browser-dev-rg/providers/Microsoft.KeyVault/vaults/keyvault-browser-dev",
            "name": "PASSWORD3TEST",
            "not_before_date": null,
            "tags": null,
            "timeouts": null,
            "value": "\u0026y8:8jN#0E{\u0026iTWaV2QC",
            "version": "603a4eacdf0c4a61aab84af6c52cc35b"
          },
          "sensitive_attributes": [
            [
              {
                "type": "get_attr",
                "value": "value"
              }
            ]
          ],
          "private": "eyJlMmJmYjczMC1lY2FhLTExZTYtOGY4OC0zNDM2M2JjN2M0YzAiOnsiY3JlYXRlIjoxODAwMDAwMDAwMDAwLCJkZWxldGUiOjE4MDAwMDAwMDAwMDAsInJlYWQiOjMwMDAwMDAwMDAwMCwidXBkYXRlIjoxODAwMDAwMDAwMDAwfX0=",
          "dependencies": [
            "azurerm_key_vault.keyvault-browser-dev",
            "azurerm_resource_group.resource-group",
            "data.azurerm_client_config.current",
            "random_password.random"
          ]
        },
        {
          "index_key": 4,
          "schema_version": 0,
          "attributes": {
            "content_type": "",
            "expiration_date": null,
            "id": "https://keyvault-browser-dev.vault.azure.net/secrets/PASSWORD4TEST/ff652f6931ed4a5cac34173ff207099c",
            "key_vault_id": "/subscriptions/7db81549-e1e7-467b-9c24-04b81630eeaa/resourceGroups/keyvault-browser-dev-rg/providers/Microsoft.KeyVault/vaults/keyvault-browser-dev",
            "name": "PASSWORD4TEST",
            "not_before_date": null,
            "tags": null,
            "timeouts": null,
            "value": "\u0026y8:8jN#0E{\u0026iTWaV2QC",
            "version": "ff652f6931ed4a5cac34173ff207099c"
          },
          "sensitive_attributes": [
            [
              {
                "type": "get_attr",
                "value": "value"
              }
            ]
          ],
          "private": "eyJlMmJmYjczMC1lY2FhLTExZTYtOGY4OC0zNDM2M2JjN2M0YzAiOnsiY3JlYXRlIjoxODAwMDAwMDAwMDAwLCJkZWxldGUiOjE4MDAwMDAwMDAwMDAsInJlYWQiOjMwMDAwMDAwMDAwMCwidXBkYXRlIjoxODAwMDAwMDAwMDAwfX0=",
          "dependencies": [
            "azurerm_key_vault.keyvault-browser-dev",
            "azurerm_resource_group.resource-group",
            "data.azurerm_client_config.current",
            "random_password.random"
          ]
        },
        {
          "index_key": 5,
          "schema_version": 0,
          "attributes": {
            "content_type": "",
            "expiration_date": null,
            "id": "https://keyvault-browser-dev.vault.azure.net/secrets/PASSWORD5TEST/037d1f877034441594f9b1ac01acdb6d",
            "key_vault_id": "/subscriptions/7db81549-e1e7-467b-9c24-04b81630eeaa/resourceGroups/keyvault-browser-dev-rg/providers/Microsoft.KeyVault/vaults/keyvault-browser-dev",
            "name": "PASSWORD5TEST",
            "not_before_date": null,
            "tags": null,
            "timeouts": null,
            "value": "\u0026y8:8jN#0E{\u0026iTWaV2QC",
            "version": "037d1f877034441594f9b1ac01acdb6d"
          },
          "sensitive_attributes": [
            [
              {
                "type": "get_attr",
                "value": "value"
              }
            ]
          ],
          "private": "eyJlMmJmYjczMC1lY2FhLTExZTYtOGY4OC0zNDM2M2JjN2M0YzAiOnsiY3JlYXRlIjoxODAwMDAwMDAwMDAwLCJkZWxldGUiOjE4MDAwMDAwMDAwMDAsInJlYWQiOjMwMDAwMDAwMDAwMCwidXBkYXRlIjoxODAwMDAwMDAwMDAwfX0=",
          "dependencies": [
            "azurerm_key_vault.keyvault-browser-dev",
            "azurerm_resource_group.resource-group",
            "data.azurerm_client_config.current",
            "random_password.random"
          ]
        },
        {
          "index_key": 6,
          "schema_version": 0,
          "attributes": {
            "content_type": "",
            "expiration_date": null,
            "id": "https://keyvault-browser-dev.vault.azure.net/secrets/PASSWORD6TEST/98b60ecba0be4658b3b85615bee47dbc",
            "key_vault_id": "/subscriptions/7db81549-e1e7-467b-9c24-04b81630eeaa/resourceGroups/keyvault-browser-dev-rg/providers/Microsoft.KeyVault/vaults/keyvault-browser-dev",
            "name": "PASSWORD6TEST",
            "not_before_date": null,
            "tags": null,
            "timeouts": null,
            "value": "\u0026y8:8jN#0E{\u0026iTWaV2QC",
            "version": "98b60ecba0be4658b3b85615bee47dbc"
          },
          "sensitive_attributes": [
            [
              {
                "type": "get_attr",
                "value": "value"
              }
            ]
          ],
          "private": "eyJlMmJmYjczMC1lY2FhLTExZTYtOGY4OC0zNDM2M2JjN2M0YzAiOnsiY3JlYXRlIjoxODAwMDAwMDAwMDAwLCJkZWxldGUiOjE4MDAwMDAwMDAwMDAsInJlYWQiOjMwMDAwMDAwMDAwMCwidXBkYXRlIjoxODAwMDAwMDAwMDAwfX0=",
          "dependencies": [
            "azurerm_key_vault.keyvault-browser-dev",
            "azurerm_resource_group.resource-group",
            "data.azurerm_client_config.current",
            "random_password.random"
          ]
        },
        {
          "index_key": 7,
          "schema_version": 0,
          "attributes": {
            "content_type": "",
            "expiration_date": null,
            "id": "https://keyvault-browser-dev.vault.azure.net/secrets/PASSWORD7TEST/e2a628d1e3e64da599787c7ad67ac128",
            "key_vault_id": "/subscriptions/7db81549-e1e7-467b-9c24-04b81630eeaa/resourceGroups/keyvault-browser-dev-rg/providers/Microsoft.KeyVault/vaults/keyvault-browser-dev",
            "name": "PASSWORD7TEST",
            "not_before_date": null,
            "tags": null,
            "timeouts": null,
            "value": "\u0026y8:8jN#0E{\u0026iTWaV2QC",
            "version": "e2a628d1e3e64da599787c7ad67ac128"
          },
          "sensitive_attributes": [
            [
              {
                "type": "get_attr",
                "value": "value"
              }
            ]
          ],
          "private": "eyJlMmJmYjczMC1lY2FhLTExZTYtOGY4OC0zNDM2M2JjN2M0YzAiOnsiY3JlYXRlIjoxODAwMDAwMDAwMDAwLCJkZWxldGUiOjE4MDAwMDAwMDAwMDAsInJlYWQiOjMwMDAwMDAwMDAwMCwidXBkYXRlIjoxODAwMDAwMDAwMDAwfX0=",
          "dependencies": [
            "azurerm_key_vault.keyvault-browser-dev",
            "azurerm_resource_group.resource-group",
            "data.azurerm_client_config.current",
            "random_password.random"
          ]
        },
        {
          "index_key": 8,
          "schema_version": 0,
          "attributes": {
            "content_type": "",
            "expiration_date": null,
            "id": "https://keyvault-browser-dev.vault.azure.net/secrets/PASSWORD8TEST/3c4258d316844a769c07ba227fd828cf",
            "key_vault_id": "/subscriptions/7db81549-e1e7-467b-9c24-04b81630eeaa/resourceGroups/keyvault-browser-dev-rg/providers/Microsoft.KeyVault/vaults/keyvault-browser-dev",
            "name": "PASSWORD8TEST",
            "not_before_date": null,
            "tags": null,
            "timeouts": null,
            "value": "\u0026y8:8jN#0E{\u0026iTWaV2QC",
            "version": "3c4258d316844a769c07ba227fd828cf"
          },
          "sensitive_attributes": [
            [
              {
                "type": "get_attr",
                "value": "value"
              }
            ]
          ],
          "private": "eyJlMmJmYjczMC1lY2FhLTExZTYtOGY4OC0zNDM2M2JjN2M0YzAiOnsiY3JlYXRlIjoxODAwMDAwMDAwMDAwLCJkZWxldGUiOjE4MDAwMDAwMDAwMDAsInJlYWQiOjMwMDAwMDAwMDAwMCwidXBkYXRlIjoxODAwMDAwMDAwMDAwfX0=",
          "dependencies": [
            "azurerm_key_vault.keyvault-browser-dev",
            "azurerm_resource_group.resource-group",
            "data.azurerm_client_config.current",
            "random_password.random"
          ]
        },
        {
          "index_key": 9,
          "schema_version": 0,
          "attributes": {
            "content_type": "",
            "expiration_date": null,
            "id": "https://keyvault-browser-dev.vault.azure.net/secrets/PASSWORD9TEST/a29169c8fa43499ea5b11ec544330a5a",
            "key_vault_id": "/subscriptions/7db81549-e1e7-467b-9c24-04b81630eeaa/resourceGroups/keyvault-browser-dev-rg/providers/Microsoft.KeyVault/vaults/keyvault-browser-dev",
            "name": "PASSWORD9TEST",
            "not_before_date": null,
            "tags": null,
            "timeouts": null,
            "value": "\u0026y8:8jN#0E{\u0026iTWaV2QC",
            "version": "a29169c8fa43499ea5b11ec544330a5a"
          },
          "sensitive_attributes": [
            [
              {
                "type": "get_attr",
                "value": "value"
              }
            ]
          ],
          "private": "eyJlMmJmYjczMC1lY2FhLTExZTYtOGY4OC0zNDM2M2JjN2M0YzAiOnsiY3JlYXRlIjoxODAwMDAwMDAwMDAwLCJkZWxldGUiOjE4MDAwMDAwMDAwMDAsInJlYWQiOjMwMDAwMDAwMDAwMCwidXBkYXRlIjoxODAwMDAwMDAwMDAwfX0=",
          "dependencies": [
            "azurerm_key_vault.keyvault-browser-dev",
            "azurerm_resource_group.resource-group",
            "data.azurerm_client_config.current",
            "random_password.random"
          ]
        }
      ]
    },
    {
      "mode": "managed",
      "type": "azurerm_key_vault_secret",
      "name": "secret4",
      "provider": "provider[\"registry.terraform.io/hashicorp/azurerm\"]",
      "instances": [
        {
          "index_key": 0,
          "schema_version": 0,
          "attributes": {
            "content_type": "",
            "expiration_date": null,
            "id": "https://keyvault-browser-dev.vault.azure.net/secrets/APP-PASSWORD0/5b784a1d765a46e9a11f37642da7c5ca",
            "key_vault_id": "/subscriptions/7db81549-e1e7-467b-9c24-04b81630eeaa/resourceGroups/keyvault-browser-dev-rg/providers/Microsoft.KeyVault/vaults/keyvault-browser-dev",
            "name": "APP-PASSWORD0",
            "not_before_date": null,
            "tags": null,
            "timeouts": null,
            "value": "\u0026y8:8jN#0E{\u0026iTWaV2QC",
            "version": "5b784a1d765a46e9a11f37642da7c5ca"
          },
          "sensitive_attributes": [
            [
              {
                "type": "get_attr",
                "value": "value"
              }
            ]
          ],
          "private": "eyJlMmJmYjczMC1lY2FhLTExZTYtOGY4OC0zNDM2M2JjN2M0YzAiOnsiY3JlYXRlIjoxODAwMDAwMDAwMDAwLCJkZWxldGUiOjE4MDAwMDAwMDAwMDAsInJlYWQiOjMwMDAwMDAwMDAwMCwidXBkYXRlIjoxODAwMDAwMDAwMDAwfX0=",
          "dependencies": [
            "azurerm_key_vault.keyvault-browser-dev",
            "azurerm_resource_group.resource-group",
            "data.azurerm_client_config.current",
            "random_password.random"
          ]
        },
        {
          "index_key": 1,
          "schema_version": 0,
          "attributes": {
            "content_type": "",
            "expiration_date": null,
            "id": "https://keyvault-browser-dev.vault.azure.net/secrets/APP-PASSWORD1/1cd058c705074dfabcba9694bbf44501",
            "key_vault_id": "/subscriptions/7db81549-e1e7-467b-9c24-04b81630eeaa/resourceGroups/keyvault-browser-dev-rg/providers/Microsoft.KeyVault/vaults/keyvault-browser-dev",
            "name": "APP-PASSWORD1",
            "not_before_date": null,
            "tags": null,
            "timeouts": null,
            "value": "\u0026y8:8jN#0E{\u0026iTWaV2QC",
            "version": "1cd058c705074dfabcba9694bbf44501"
          },
          "sensitive_attributes": [
            [
              {
                "type": "get_attr",
                "value": "value"
              }
            ]
          ],
          "private": "eyJlMmJmYjczMC1lY2FhLTExZTYtOGY4OC0zNDM2M2JjN2M0YzAiOnsiY3JlYXRlIjoxODAwMDAwMDAwMDAwLCJkZWxldGUiOjE4MDAwMDAwMDAwMDAsInJlYWQiOjMwMDAwMDAwMDAwMCwidXBkYXRlIjoxODAwMDAwMDAwMDAwfX0=",
          "dependencies": [
            "azurerm_key_vault.keyvault-browser-dev",
            "azurerm_resource_group.resource-group",
            "data.azurerm_client_config.current",
            "random_password.random"
          ]
        },
        {
          "index_key": 2,
          "schema_version": 0,
          "attributes": {
            "content_type": "",
            "expiration_date": null,
            "id": "https://keyvault-browser-dev.vault.azure.net/secrets/APP-PASSWORD2/7bd91f5c29634cfab5d8fe2042ce7bc8",
            "key_vault_id": "/subscriptions/7db81549-e1e7-467b-9c24-04b81630eeaa/resourceGroups/keyvault-browser-dev-rg/providers/Microsoft.KeyVault/vaults/keyvault-browser-dev",
            "name": "APP-PASSWORD2",
            "not_before_date": null,
            "tags": null,
            "timeouts": null,
            "value": "\u0026y8:8jN#0E{\u0026iTWaV2QC",
            "version": "7bd91f5c29634cfab5d8fe2042ce7bc8"
          },
          "sensitive_attributes": [
            [
              {
                "type": "get_attr",
                "value": "value"
              }
            ]
          ],
          "private": "eyJlMmJmYjczMC1lY2FhLTExZTYtOGY4OC0zNDM2M2JjN2M0YzAiOnsiY3JlYXRlIjoxODAwMDAwMDAwMDAwLCJkZWxldGUiOjE4MDAwMDAwMDAwMDAsInJlYWQiOjMwMDAwMDAwMDAwMCwidXBkYXRlIjoxODAwMDAwMDAwMDAwfX0=",
          "dependencies": [
            "azurerm_key_vault.keyvault-browser-dev",
            "azurerm_resource_group.resource-group",
            "data.azurerm_client_config.current",
            "random_password.random"
          ]
        },
        {
          "index_key": 3,
          "schema_version": 0,
          "attributes": {
            "content_type": "",
            "expiration_date": null,
            "id": "https://keyvault-browser-dev.vault.azure.net/secrets/APP-PASSWORD3/252347f8d95d472781d70c5f5ad76471",
            "key_vault_id": "/subscriptions/7db81549-e1e7-467b-9c24-04b81630eeaa/resourceGroups/keyvault-browser-dev-rg/providers/Microsoft.KeyVault/vaults/keyvault-browser-dev",
            "name": "APP-PASSWORD3",
            "not_before_date": null,
            "tags": null,
            "timeouts": null,
            "value": "\u0026y8:8jN#0E{\u0026iTWaV2QC",
            "version": "252347f8d95d472781d70c5f5ad76471"
          },
          "sensitive_attributes": [
            [
              {
                "type": "get_attr",
                "value": "value"
              }
            ]
          ],
          "private": "eyJlMmJmYjczMC1lY2FhLTExZTYtOGY4OC0zNDM2M2JjN2M0YzAiOnsiY3JlYXRlIjoxODAwMDAwMDAwMDAwLCJkZWxldGUiOjE4MDAwMDAwMDAwMDAsInJlYWQiOjMwMDAwMDAwMDAwMCwidXBkYXRlIjoxODAwMDAwMDAwMDAwfX0=",
          "dependencies": [
            "azurerm_key_vault.keyvault-browser-dev",
            "azurerm_resource_group.resource-group",
            "data.azurerm_client_config.current",
            "random_password.random"
          ]
        },
        {
          "index_key": 4,
          "schema_version": 0,
          "attributes": {
            "content_type": "",
            "expiration_date": null,
            "id": "https://keyvault-browser-dev.vault.azure.net/secrets/APP-PASSWORD4/59d01aa8ddcd47e8bec2f57dda8d6077",
            "key_vault_id": "/subscriptions/7db81549-e1e7-467b-9c24-04b81630eeaa/resourceGroups/keyvault-browser-dev-rg/providers/Microsoft.KeyVault/vaults/keyvault-browser-dev",
            "name": "APP-PASSWORD4",
            "not_before_date": null,
            "tags": null,
            "timeouts": null,
            "value": "\u0026y8:8jN#0E{\u0026iTWaV2QC",
            "version": "59d01aa8ddcd47e8bec2f57dda8d6077"
          },
          "sensitive_attributes": [
            [
              {
                "type": "get_attr",
                "value": "value"
              }
            ]
          ],
          "private": "eyJlMmJmYjczMC1lY2FhLTExZTYtOGY4OC0zNDM2M2JjN2M0YzAiOnsiY3JlYXRlIjoxODAwMDAwMDAwMDAwLCJkZWxldGUiOjE4MDAwMDAwMDAwMDAsInJlYWQiOjMwMDAwMDAwMDAwMCwidXBkYXRlIjoxODAwMDAwMDAwMDAwfX0=",
          "dependencies": [
            "azurerm_key_vault.keyvault-browser-dev",
            "azurerm_resource_group.resource-group",
            "data.azurerm_client_config.current",
            "random_password.random"
          ]
        },
        {
          "index_key": 5,
          "schema_version": 0,
          "attributes": {
            "content_type": "",
            "expiration_date": null,
            "id": "https://keyvault-browser-dev.vault.azure.net/secrets/APP-PASSWORD5/4627daed749c4b36b9f2cc31e953d41b",
            "key_vault_id": "/subscriptions/7db81549-e1e7-467b-9c24-04b81630eeaa/resourceGroups/keyvault-browser-dev-rg/providers/Microsoft.KeyVault/vaults/keyvault-browser-dev",
            "name": "APP-PASSWORD5",
            "not_before_date": null,
            "tags": null,
            "timeouts": null,
            "value": "\u0026y8:8jN#0E{\u0026iTWaV2QC",
            "version": "4627daed749c4b36b9f2cc31e953d41b"
          },
          "sensitive_attributes": [
            [
              {
                "type": "get_attr",
                "value": "value"
              }
            ]
          ],
          "private": "eyJlMmJmYjczMC1lY2FhLTExZTYtOGY4OC0zNDM2M2JjN2M0YzAiOnsiY3JlYXRlIjoxODAwMDAwMDAwMDAwLCJkZWxldGUiOjE4MDAwMDAwMDAwMDAsInJlYWQiOjMwMDAwMDAwMDAwMCwidXBkYXRlIjoxODAwMDAwMDAwMDAwfX0=",
          "dependencies": [
            "azurerm_key_vault.keyvault-browser-dev",
            "azurerm_resource_group.resource-group",
            "data.azurerm_client_config.current",
            "random_password.random"
          ]
        },
        {
          "index_key": 6,
          "schema_version": 0,
          "attributes": {
            "content_type": "",
            "expiration_date": null,
            "id": "https://keyvault-browser-dev.vault.azure.net/secrets/APP-PASSWORD6/9efbae14b17445a78afb7fa6d8bec8af",
            "key_vault_id": "/subscriptions/7db81549-e1e7-467b-9c24-04b81630eeaa/resourceGroups/keyvault-browser-dev-rg/providers/Microsoft.KeyVault/vaults/keyvault-browser-dev",
            "name": "APP-PASSWORD6",
            "not_before_date": null,
            "tags": null,
            "timeouts": null,
            "value": "\u0026y8:8jN#0E{\u0026iTWaV2QC",
            "version": "9efbae14b17445a78afb7fa6d8bec8af"
          },
          "sensitive_attributes": [
            [
              {
                "type": "get_attr",
                "value": "value"
              }
            ]
          ],
          "private": "eyJlMmJmYjczMC1lY2FhLTExZTYtOGY4OC0zNDM2M2JjN2M0YzAiOnsiY3JlYXRlIjoxODAwMDAwMDAwMDAwLCJkZWxldGUiOjE4MDAwMDAwMDAwMDAsInJlYWQiOjMwMDAwMDAwMDAwMCwidXBkYXRlIjoxODAwMDAwMDAwMDAwfX0=",
          "dependencies": [
            "azurerm_key_vault.keyvault-browser-dev",
            "azurerm_resource_group.resource-group",
            "data.azurerm_client_config.current",
            "random_password.random"
          ]
        },
        {
          "index_key": 7,
          "schema_version": 0,
          "attributes": {
            "content_type": "",
            "expiration_date": null,
            "id": "https://keyvault-browser-dev.vault.azure.net/secrets/APP-PASSWORD7/6f97920644274bc2b55127a74c4d1e71",
            "key_vault_id": "/subscriptions/7db81549-e1e7-467b-9c24-04b81630eeaa/resourceGroups/keyvault-browser-dev-rg/providers/Microsoft.KeyVault/vaults/keyvault-browser-dev",
            "name": "APP-PASSWORD7",
            "not_before_date": null,
            "tags": null,
            "timeouts": null,
            "value": "\u0026y8:8jN#0E{\u0026iTWaV2QC",
            "version": "6f97920644274bc2b55127a74c4d1e71"
          },
          "sensitive_attributes": [
            [
              {
                "type": "get_attr",
                "value": "value"
              }
            ]
          ],
          "private": "eyJlMmJmYjczMC1lY2FhLTExZTYtOGY4OC0zNDM2M2JjN2M0YzAiOnsiY3JlYXRlIjoxODAwMDAwMDAwMDAwLCJkZWxldGUiOjE4MDAwMDAwMDAwMDAsInJlYWQiOjMwMDAwMDAwMDAwMCwidXBkYXRlIjoxODAwMDAwMDAwMDAwfX0=",
          "dependencies": [
            "azurerm_key_vault.keyvault-browser-dev",
            "azurerm_resource_group.resource-group",
            "data.azurerm_client_config.current",
            "random_password.random"
          ]
        },
        {
          "index_key": 8,
          "schema_version": 0,
          "attributes": {
            "content_type": "",
            "expiration_date": null,
            "id": "https://keyvault-browser-dev.vault.azure.net/secrets/APP-PASSWORD8/459fcd4e584e4d1580393d95b5bc86e3",
            "key_vault_id": "/subscriptions/7db81549-e1e7-467b-9c24-04b81630eeaa/resourceGroups/keyvault-browser-dev-rg/providers/Microsoft.KeyVault/vaults/keyvault-browser-dev",
            "name": "APP-PASSWORD8",
            "not_before_date": null,
            "tags": null,
            "timeouts": null,
            "value": "\u0026y8:8jN#0E{\u0026iTWaV2QC",
            "version": "459fcd4e584e4d1580393d95b5bc86e3"
          },
          "sensitive_attributes": [
            [
              {
                "type": "get_attr",
                "value": "value"
              }
            ]
          ],
          "private": "eyJlMmJmYjczMC1lY2FhLTExZTYtOGY4OC0zNDM2M2JjN2M0YzAiOnsiY3JlYXRlIjoxODAwMDAwMDAwMDAwLCJkZWxldGUiOjE4MDAwMDAwMDAwMDAsInJlYWQiOjMwMDAwMDAwMDAwMCwidXBkYXRlIjoxODAwMDAwMDAwMDAwfX0=",
          "dependencies": [
            "azurerm_key_vault.keyvault-browser-dev",
            "azurerm_resource_group.resource-group",
            "data.azurerm_client_config.current",
            "random_password.random"
          ]
        },
        {
          "index_key": 9,
          "schema_version": 0,
          "attributes": {
            "content_type": "",
            "expiration_date": null,
            "id": "https://keyvault-browser-dev.vault.azure.net/secrets/APP-PASSWORD9/884f229a8759413e87fcb27b7893b2d4",
            "key_vault_id": "/subscriptions/7db81549-e1e7-467b-9c24-04b81630eeaa/resourceGroups/keyvault-browser-dev-rg/providers/Microsoft.KeyVault/vaults/keyvault-browser-dev",
            "name": "APP-PASSWORD9",
            "not_before_date": null,
            "tags": null,
            "timeouts": null,
            "value": "\u0026y8:8jN#0E{\u0026iTWaV2QC",
            "version": "884f229a8759413e87fcb27b7893b2d4"
          },
          "sensitive_attributes": [
            [
              {
                "type": "get_attr",
                "value": "value"
              }
            ]
          ],
          "private": "eyJlMmJmYjczMC1lY2FhLTExZTYtOGY4OC0zNDM2M2JjN2M0YzAiOnsiY3JlYXRlIjoxODAwMDAwMDAwMDAwLCJkZWxldGUiOjE4MDAwMDAwMDAwMDAsInJlYWQiOjMwMDAwMDAwMDAwMCwidXBkYXRlIjoxODAwMDAwMDAwMDAwfX0=",
          "dependencies": [
            "azurerm_key_vault.keyvault-browser-dev",
            "azurerm_resource_group.resource-group",
            "data.azurerm_client_config.current",
            "random_password.random"
          ]
        }
      ]
    },
    {
      "mode": "managed",
      "type": "azurerm_resource_group",
      "name": "resource-group",
      "provider": "provider[\"registry.terraform.io/hashicorp/azurerm\"]",
      "instances": [
        {
          "schema_version": 0,
          "attributes": {
            "id": "/subscriptions/7db81549-e1e7-467b-9c24-04b81630eeaa/resourceGroups/keyvault-browser-dev-rg",
            "location": "uksouth",
            "name": "keyvault-browser-dev-rg",
            "tags": null,
            "timeouts": null
          },
          "sensitive_attributes": [],
          "private": "eyJlMmJmYjczMC1lY2FhLTExZTYtOGY4OC0zNDM2M2JjN2M0YzAiOnsiY3JlYXRlIjo1NDAwMDAwMDAwMDAwLCJkZWxldGUiOjU0MDAwMDAwMDAwMDAsInJlYWQiOjMwMDAwMDAwMDAwMCwidXBkYXRlIjo1NDAwMDAwMDAwMDAwfX0="
        }
      ]
    },
    {
      "mode": "managed",
      "type": "random_password",
      "name": "random",
      "provider": "provider[\"registry.terraform.io/hashicorp/random\"]",
      "instances": [
        {
          "schema_version": 0,
          "attributes": {
            "id": "none",
            "keepers": null,
            "length": 20,
            "lower": true,
            "min_lower": 0,
            "min_numeric": 0,
            "min_special": 0,
            "min_upper": 0,
            "number": true,
            "override_special": null,
            "result": "\u0026y8:8jN#0E{\u0026iTWaV2QC",
            "special": true,
            "upper": true
          },
          "sensitive_attributes": [],
          "private": "bnVsbA=="
        }
      ]
    }
  ]
}
